{
    "_readme": [
        "This file locks the dependencies of your project to a known state",
        "Read more about it at https://getcomposer.org/doc/01-basic-usage.md#installing-dependencies",
        "This file is @generated automatically"
    ],
    "content-hash": "8161ed4591c88c1d90d28f06b5f44398",
    "packages": [
        {
            "name": "lexpress/doctrine1",
            "version": "v1.3.6",
            "source": {
                "type": "git",
                "url": "https://github.com/LExpress/doctrine1.git",
                "reference": "b93335de851bd6e260b0be5464cc823df4835a86"
            },
            "dist": {
                "type": "zip",
                "url": "https://api.github.com/repos/LExpress/doctrine1/zipball/b93335de851bd6e260b0be5464cc823df4835a86",
                "reference": "b93335de851bd6e260b0be5464cc823df4835a86",
                "shasum": ""
            },
            "require": {
                "ext-pdo": "*",
                "php": ">=5.2.3"
            },
            "type": "library",
            "autoload": {
                "psr-0": {
                    "Doctrine_": "lib/"
                }
            },
            "notification-url": "https://packagist.org/downloads/",
            "license": [
                "LGPL-2.1-or-later"
            ],
            "authors": [
                {
                    "name": "Konsta Vesterinen",
                    "email": "kvesteri@cc.hut.fi"
                },
                {
                    "name": "Jonathan Wage",
                    "email": "jonwage@gmail.com"
                }
            ],
            "description": "PHP5 Database ORM",
            "homepage": "http://www.doctrine-project.org",
            "keywords": [
                "database",
                "orm"
            ],
            "time": "2018-04-08T07:43:18+00:00"
        },
        {
            "name": "lexpress/symfony1",
            "version": "v1.5.11",
            "source": {
                "type": "git",
                "url": "https://github.com/LExpress/symfony1.git",
                "reference": "40d442b3ed23fa32684d6a34962c738226a3b9b4"
            },
            "dist": {
                "type": "zip",
                "url": "https://api.github.com/repos/LExpress/symfony1/zipball/40d442b3ed23fa32684d6a34962c738226a3b9b4",
                "reference": "40d442b3ed23fa32684d6a34962c738226a3b9b4",
                "shasum": ""
            },
            "require": {
                "swiftmailer/swiftmailer": "~5.2"
            },
            "require-dev": {
                "psr/log": "*"
            },
            "suggest": {
                "lexpress/doctrine1": "Doctrine plugin",
                "propel/sf-propel-o-r-m-plugin": "Propel plugin",
                "psr/log": "Psr logger"
            },
            "bin": [
                "data/bin/symfony"
            ],
            "type": "library",
            "extra": {
                "branch-alias": {
                    "dev-master": "1.5-dev"
                }
            },
            "autoload": {
                "files": [
                    "autoload.php"
                ]
            },
            "notification-url": "https://packagist.org/downloads/",
            "license": [
                "MIT"
            ],
            "description": "Fork of symfony 1.4 with dic, form enhancements, latest swiftmailer and better performance",
            "time": "2018-03-17T12:21:51+00:00"
        },
        {
            "name": "pear-pear.php.net/Archive_Tar",
            "version": "1.4.5",
            "dist": {
                "type": "file",
                "url": "https://pear.php.net/get/Archive_Tar-1.4.5.tgz"
            },
            "require": {
                "php": ">=5.2.0.0"
            },
            "replace": {
                "pear-pear/archive_tar": "== 1.4.5.0"
            },
            "type": "pear-library",
            "autoload": {
                "classmap": [
                    ""
                ]
            },
            "include-path": [
                "/"
            ],
            "license": [
                "New BSD License"
            ],
            "description": "This class provides handling of tar files in PHP.\nIt supports creating, listing, extracting and adding to tar files.\nGzip support is available if PHP has the zlib extension built-in or\nloaded. Bz2 compression is also supported with the bz2 extension loaded.\nAlso Lzma2 compressed archives are supported with xz extension."
        },
        {
            "name": "pear-pear.php.net/Console_Getopt",
            "version": "1.4.2",
            "dist": {
                "type": "file",
                "url": "https://pear.php.net/get/Console_Getopt-1.4.2.tgz"
            },
            "require": {
                "php": ">=5.4.0.0"
            },
            "replace": {
                "pear-pear/console_getopt": "== 1.4.2.0"
            },
            "type": "pear-library",
            "autoload": {
                "classmap": [
                    ""
                ]
            },
            "include-path": [
                "/"
            ],
            "license": [
                "BSD-2-Clause"
            ],
            "description": "This is a PHP implementation of &quot;getopt&quot; supporting both\nshort and long options."
        },
        {
            "name": "pear-pear.php.net/PEAR",
            "version": "1.10.9",
            "dist": {
                "type": "file",
                "url": "https://pear.php.net/get/PEAR-1.10.9.tgz"
            },
            "require": {
                "ext-pcre": "*",
                "ext-xml": "*",
                "pear-pear.php.net/archive_tar": ">=1.4.0.0",
                "pear-pear.php.net/console_getopt": ">=1.4.1.0",
                "pear-pear.php.net/structures_graph": ">=1.1.0.0",
                "pear-pear.php.net/xml_util": ">=1.3.0.0",
                "php": ">=5.4.0.0"
            },
            "conflict": {
                "pear-pear.php.net/pear_frontend_gtk": "<0.4.0.0",
                "pear-pear.php.net/pear_frontend_web": "<=0.4.0.0"
            },
            "replace": {
                "pear-pear/pear": "== 1.10.9.0"
            },
            "type": "pear-library",
            "autoload": {
                "classmap": [
                    ""
                ]
            },
            "include-path": [
                "/"
            ],
            "license": [
                "New BSD License"
            ],
            "description": "The PEAR package contains:\n * the PEAR installer, for creating, distributing\n   and installing packages\n * the PEAR_Exception PHP5 error handling mechanism\n * the PEAR_ErrorStack advanced error handling mechanism\n * the PEAR_Error error handling mechanism\n * the OS_Guess class for retrieving info about the OS\n   where PHP is running on\n * the System class for quick handling of common operations\n   with files and directories\n * the PEAR base class\n  Features in a nutshell:\n  * full support for channels\n  * pre-download dependency validation\n  * new package.xml 2.0 format allows tremendous flexibility while maintaining BC\n  * support for optional dependency groups and limited support for sub-packaging\n  * robust dependency support\n  * full dependency validation on uninstall\n  * remote install for hosts with only ftp access - no more problems with\n    restricted host installation\n  * full support for mirroring\n  * support for bundling several packages into a single tarball\n  * support for static dependencies on a url-based package\n  * support for custom file roles and installation tasks"
        },
        {
            "name": "pear-pear.php.net/Structures_Graph",
            "version": "1.1.1",
            "dist": {
                "type": "file",
                "url": "https://pear.php.net/get/Structures_Graph-1.1.1.tgz"
            },
            "require": {
                "php": ">=5.3.0.0"
            },
            "replace": {
                "pear-pear/structures_graph": "== 1.1.1.0"
            },
            "type": "pear-library",
            "autoload": {
                "classmap": [
                    ""
                ]
            },
            "include-path": [
                "/"
            ],
            "license": [
                "LGPL-3.0+"
            ],
            "description": "Structures_Graph is a package for creating and manipulating graph datastructures. It allows building of directed\nand undirected graphs, with data and metadata stored in nodes. The library provides functions for graph traversing\nas well as for characteristic extraction from the graph topology."
        },
        {
            "name": "pear-pear.php.net/Validate",
            "version": "0.6.5",
            "dist": {
                "type": "file",
                "url": "https://pear.php.net/get/Validate-0.6.5.tgz"
            },
            "require": {
                "php": ">=4.2.0.0"
            },
            "replace": {
                "pear-pear/validate": "== 0.6.5.0"
            },
            "type": "pear-library",
            "autoload": {
                "classmap": [
                    ""
                ]
            },
            "include-path": [
                "/"
            ],
            "license": [
                "New BSD"
            ],
            "description": "Package to validate various datas. It includes :\n    - numbers (min/max, decimal or not)\n    - email (syntax, domain check, rfc822)\n    - string (predifined type alpha upper and/or lowercase, numeric,...)\n    - date (min, max, rfc822 compliant)\n    - uri (RFC2396)\n    - possibility valid multiple data with a single method call (::multiple)"
        },
        {
            "name": "pear-pear.php.net/XML_Parser",
            "version": "1.3.7",
            "dist": {
                "type": "file",
                "url": "https://pear.php.net/get/XML_Parser-1.3.7.tgz"
            },
            "require": {
                "pear-pear.php.net/pear": "*",
                "php": ">=4.2.0.0"
            },
            "replace": {
                "pear-pear/xml_parser": "== 1.3.7.0"
            },
            "type": "pear-library",
            "autoload": {
                "classmap": [
                    ""
                ]
            },
            "include-path": [
                "/"
            ],
            "license": [
                "BSD License"
            ],
            "description": "This is an XML parser based on PHPs built-in xml extension.\nIt supports two basic modes of operation: \"func\" and \"event\".  In \"func\" mode, it will look for a function named after each element (xmltag_ELEMENT for start tags and xmltag_ELEMENT_ for end tags), and in \"event\" mode it uses a set of generic callbacks.\n\nSince version 1.2.0 there's a new XML_Parser_Simple class that makes parsing of most XML documents easier, by automatically providing a stack for the elements.\nFurthermore its now possible to split the parser from the handler object, so you do not have to extend XML_Parser anymore in order to parse a document with it."
        },
        {
            "name": "pear-pear.php.net/XML_Tree",
            "version": "1.1",
            "dist": {
                "type": "file",
                "url": "https://pear.php.net/get/XML_Tree-1.1.tgz"
            },
            "replace": {
                "pear-pear/xml_tree": "== 1.1.0.0"
            },
            "type": "pear-library",
            "autoload": {
                "classmap": [
                    ""
                ]
            },
            "include-path": [
                "/"
            ],
            "license": [
                "PHP License"
            ],
            "description": "*** PHP5 now comes with very good XML handling, consider using it if possible ***\n\nAllows for the building of XML data structures using a tree\nrepresentation, without the need for an extension like DOMXML."
        },
        {
            "name": "pear-pear.php.net/XML_Util",
            "version": "1.4.3",
            "dist": {
                "type": "file",
                "url": "https://pear.php.net/get/XML_Util-1.4.3.tgz"
            },
            "require": {
                "ext-pcre": "*",
                "php": ">=5.4.0.0"
            },
            "replace": {
                "pear-pear/xml_util": "== 1.4.3.0"
            },
            "type": "pear-library",
            "autoload": {
                "classmap": [
                    ""
                ]
            },
            "include-path": [
                "/"
            ],
            "license": [
                "BSD License"
            ],
            "description": "Selection of methods that are often needed when working with XML documents.  Functionality includes creating of attribute lists from arrays, creation of tags, validation of XML names and more."
        },
        {
            "name": "swiftmailer/swiftmailer",
            "version": "v5.4.12",
            "source": {
                "type": "git",
                "url": "https://github.com/swiftmailer/swiftmailer.git",
                "reference": "181b89f18a90f8925ef805f950d47a7190e9b950"
            },
            "dist": {
                "type": "zip",
                "url": "https://api.github.com/repos/swiftmailer/swiftmailer/zipball/181b89f18a90f8925ef805f950d47a7190e9b950",
                "reference": "181b89f18a90f8925ef805f950d47a7190e9b950",
                "shasum": ""
            },
            "require": {
                "php": ">=5.3.3"
            },
            "require-dev": {
                "mockery/mockery": "~0.9.1",
                "symfony/phpunit-bridge": "~3.2"
            },
            "type": "library",
            "extra": {
                "branch-alias": {
                    "dev-master": "5.4-dev"
                }
            },
            "autoload": {
                "files": [
                    "lib/swift_required.php"
                ]
            },
            "notification-url": "https://packagist.org/downloads/",
            "license": [
                "MIT"
            ],
            "authors": [
                {
                    "name": "Chris Corbyn"
                },
                {
                    "name": "Fabien Potencier",
                    "email": "fabien@symfony.com"
                }
            ],
            "description": "Swiftmailer, free feature-rich PHP mailer",
            "homepage": "https://swiftmailer.symfony.com",
            "keywords": [
                "email",
                "mail",
                "mailer"
            ],
            "time": "2018-07-31T09:26:32+00:00"
        },
        {
            "name": "symfony/process",
            "version": "v3.4.23",
            "source": {
                "type": "git",
                "url": "https://github.com/symfony/process.git",
                "reference": "009f8dda80930e89e8344a4e310b08f9ff07dd2e"
            },
            "dist": {
                "type": "zip",
                "url": "https://api.github.com/repos/symfony/process/zipball/009f8dda80930e89e8344a4e310b08f9ff07dd2e",
                "reference": "009f8dda80930e89e8344a4e310b08f9ff07dd2e",
                "shasum": ""
            },
            "require": {
                "php": "^5.5.9|>=7.0.8"
            },
            "type": "library",
            "extra": {
                "branch-alias": {
                    "dev-master": "3.4-dev"
                }
            },
            "autoload": {
                "psr-4": {
                    "Symfony\\Component\\Process\\": ""
                },
                "exclude-from-classmap": [
                    "/Tests/"
                ]
            },
            "notification-url": "https://packagist.org/downloads/",
            "license": [
                "MIT"
            ],
            "authors": [
                {
                    "name": "Fabien Potencier",
                    "email": "fabien@symfony.com"
                },
                {
                    "name": "Symfony Community",
                    "homepage": "https://symfony.com/contributors"
                }
            ],
            "description": "Symfony Process Component",
            "homepage": "https://symfony.com",
            "time": "2019-01-16T13:27:11+00:00"
        }
    ],
    "packages-dev": [],
    "aliases": [],
    "minimum-stability": "stable",
    "stability-flags": [],
    "prefer-stable": false,
    "prefer-lowest": false,
    "platform": [],
    "platform-dev": []
}
